
Microsoft Visual Studio Solution File, Format Version 12.00
# Visual Studio 2012
Project("{FAE04EC0-301F-11D3-BF4B-00C04F79EFBC}") = "NoughtsAndCrosses", "NoughtsAndCrosses\NoughtsAndCrosses.csproj", "{5B3862F7-E583-4EFA-A32F-937AA06A6751}"
EndProject
Project("{FAE04EC0-301F-11D3-BF4B-00C04F79EFBC}") = "NoughtsAndCrosses.Tests", "NoughtsAndCrosses.Tests\NoughtsAndCrosses.Tests.csproj", "{BBDF55B0-A791-4740-9D5F-A5376E8F14C6}"
EndProject
Global
	GlobalSection(SolutionConfigurationPlatforms) = preSolution
		Debug|Any CPU = Debug|Any CPU
		Release|Any CPU = Release|Any CPU
	EndGlobalSection
	GlobalSection(ProjectConfigurationPlatforms) = postSolution
		{5B3862F7-E583-4EFA-A32F-937AA06A6751}.Debug|Any CPU.ActiveCfg = Debug|Any CPU
		{5B3862F7-E583-4EFA-A32F-937AA06A6751}.Debug|Any CPU.Build.0 = Debug|Any CPU
		{5B3862F7-E583-4EFA-A32F-937AA06A6751}.Release|Any CPU.ActiveCfg = Release|Any CPU
		{5B3862F7-E583-4EFA-A32F-937AA06A6751}.Release|Any CPU.Build.0 = Release|Any CPU
		{BBDF55B0-A791-4740-9D5F-A5376E8F14C6}.Debug|Any CPU.ActiveCfg = Debug|Any CPU
		{BBDF55B0-A791-4740-9D5F-A5376E8F14C6}.Debug|Any CPU.Build.0 = Debug|Any CPU
		{BBDF55B0-A791-4740-9D5F-A5376E8F14C6}.Release|Any CPU.ActiveCfg = Release|Any CPU
		{BBDF55B0-A791-4740-9D5F-A5376E8F14C6}.Release|Any CPU.Build.0 = Release|Any CPU
	EndGlobalSection
	GlobalSection(SolutionProperties) = preSolution
		HideSolutionNode = FALSE
	EndGlobalSection
EndGlobal
